// !$*UTF8*$!
{
	archiveVersion = 1;
	classes = {
	};
	objectVersion = 50;
	objects = {

/* Begin PBXBuildFile section */
		4028D474210C1B810061DD71 /* AppDelegate.swift in Sources */ = {isa = PBXBuildFile; fileRef = 4028D473210C1B810061DD71 /* AppDelegate.swift */; };
		4028D47B210C1B860061DD71 /* Assets.xcassets in Resources */ = {isa = PBXBuildFile; fileRef = 4028D47A210C1B860061DD71 /* Assets.xcassets */; };
		4028D47E210C1B860061DD71 /* LaunchScreen.storyboard in Resources */ = {isa = PBXBuildFile; fileRef = 4028D47C210C1B860061DD71 /* LaunchScreen.storyboard */; };
		4028D489210C1B860061DD71 /* SearcherTests.swift in Sources */ = {isa = PBXBuildFile; fileRef = 4028D488210C1B860061DD71 /* SearcherTests.swift */; };
		4028D495211149B40061DD71 /* HomeViewController.swift in Sources */ = {isa = PBXBuildFile; fileRef = 4028D494211149B40061DD71 /* HomeViewController.swift */; };
		4028D497211152EE0061DD71 /* HomePresenter.swift in Sources */ = {isa = PBXBuildFile; fileRef = 4028D496211152EE0061DD71 /* HomePresenter.swift */; };
		4028D499211153190061DD71 /* HomeInterector.swift in Sources */ = {isa = PBXBuildFile; fileRef = 4028D498211153190061DD71 /* HomeInterector.swift */; };
		4028D49B2111534A0061DD71 /* HomeEntity.swift in Sources */ = {isa = PBXBuildFile; fileRef = 4028D49A2111534A0061DD71 /* HomeEntity.swift */; };
		4028D49D2111535C0061DD71 /* HomeRouter.swift in Sources */ = {isa = PBXBuildFile; fileRef = 4028D49C2111535C0061DD71 /* HomeRouter.swift */; };
		4028D49F2111536A0061DD71 /* HomeProtocol.swift in Sources */ = {isa = PBXBuildFile; fileRef = 4028D49E2111536A0061DD71 /* HomeProtocol.swift */; };
		4028D4A421116EF40061DD71 /* BaseAPI.swift in Sources */ = {isa = PBXBuildFile; fileRef = 4028D4A321116EF40061DD71 /* BaseAPI.swift */; };
		4034CF5A2119296100D4736B /* UIViewController+Extension.swift in Sources */ = {isa = PBXBuildFile; fileRef = 4034CF592119296100D4736B /* UIViewController+Extension.swift */; };
		4034CF5C21192AF500D4736B /* ValidateManager.swift in Sources */ = {isa = PBXBuildFile; fileRef = 4034CF5B21192AF500D4736B /* ValidateManager.swift */; };
		4034CF5E2119378300D4736B /* Request.swift in Sources */ = {isa = PBXBuildFile; fileRef = 4034CF5D2119378300D4736B /* Request.swift */; };
		4034CF60211BF37200D4736B /* Main.storyboard in Resources */ = {isa = PBXBuildFile; fileRef = 4034CF5F211BF37200D4736B /* Main.storyboard */; };
		4034CF65211BFFB100D4736B /* DetailViewController.swift in Sources */ = {isa = PBXBuildFile; fileRef = 4034CF64211BFFB100D4736B /* DetailViewController.swift */; };
		4044CE1B212BB447009445F0 /* DetailPresenter.swift in Sources */ = {isa = PBXBuildFile; fileRef = 4044CE1A212BB447009445F0 /* DetailPresenter.swift */; };
		4044CE1D212BB464009445F0 /* DetailInterector.swift in Sources */ = {isa = PBXBuildFile; fileRef = 4044CE1C212BB464009445F0 /* DetailInterector.swift */; };
		4044CE22212D0D58009445F0 /* FavoriteViewController.swift in Sources */ = {isa = PBXBuildFile; fileRef = 4044CE21212D0D58009445F0 /* FavoriteViewController.swift */; };
		4044CE25212D0E23009445F0 /* FavoriteViewCell.swift in Sources */ = {isa = PBXBuildFile; fileRef = 4044CE24212D0E23009445F0 /* FavoriteViewCell.swift */; };
		4044CE27212D0EF3009445F0 /* FavoritePresenter.swift in Sources */ = {isa = PBXBuildFile; fileRef = 4044CE26212D0EF3009445F0 /* FavoritePresenter.swift */; };
		4044CE29212D0F09009445F0 /* FavoriteRouter.swift in Sources */ = {isa = PBXBuildFile; fileRef = 4044CE28212D0F09009445F0 /* FavoriteRouter.swift */; };
		4044CE2B212D0F1E009445F0 /* FavoriteInterector.swift in Sources */ = {isa = PBXBuildFile; fileRef = 4044CE2A212D0F1E009445F0 /* FavoriteInterector.swift */; };
		4044CE2D212D0F30009445F0 /* FavoriteProtocol.swift in Sources */ = {isa = PBXBuildFile; fileRef = 4044CE2C212D0F30009445F0 /* FavoriteProtocol.swift */; };
		4044CE30212E473C009445F0 /* Favorite.xcdatamodeld in Sources */ = {isa = PBXBuildFile; fileRef = 4044CE2E212E473C009445F0 /* Favorite.xcdatamodeld */; };
		4044CE32212E481B009445F0 /* LocalDatabase.swift in Sources */ = {isa = PBXBuildFile; fileRef = 4044CE31212E481B009445F0 /* LocalDatabase.swift */; };
		4044CE34212E482F009445F0 /* FavoriteManager.swift in Sources */ = {isa = PBXBuildFile; fileRef = 4044CE33212E482F009445F0 /* FavoriteManager.swift */; };
		4067F33E2121303800A91437 /* String+Extension.swift in Sources */ = {isa = PBXBuildFile; fileRef = 4067F33D2121303800A91437 /* String+Extension.swift */; };
		4067F342212286F500A91437 /* HomeCell.swift in Sources */ = {isa = PBXBuildFile; fileRef = 4067F341212286F500A91437 /* HomeCell.swift */; };
		4067F344212291AF00A91437 /* Home.storyboard in Resources */ = {isa = PBXBuildFile; fileRef = 4067F343212291AF00A91437 /* Home.storyboard */; };
		4067F346212291E900A91437 /* Detail.storyboard in Resources */ = {isa = PBXBuildFile; fileRef = 4067F345212291E900A91437 /* Detail.storyboard */; };
		4067F3492122921900A91437 /* Favorite.storyboard in Resources */ = {isa = PBXBuildFile; fileRef = 4067F3482122921900A91437 /* Favorite.storyboard */; };
		4067F350212521EB00A91437 /* Array+Extension.swift in Sources */ = {isa = PBXBuildFile; fileRef = 4067F34F212521EB00A91437 /* Array+Extension.swift */; };
		4067F352212530DB00A91437 /* DetailRouter.swift in Sources */ = {isa = PBXBuildFile; fileRef = 4067F351212530DB00A91437 /* DetailRouter.swift */; };
		4067F3542125311D00A91437 /* DetailProtocol.swift in Sources */ = {isa = PBXBuildFile; fileRef = 4067F3532125311D00A91437 /* DetailProtocol.swift */; };
		40F8ABA6212A508000AB58CA /* Manager.swift in Sources */ = {isa = PBXBuildFile; fileRef = 40F8ABA5212A508000AB58CA /* Manager.swift */; };
/* End PBXBuildFile section */

/* Begin PBXContainerItemProxy section */
		4028D485210C1B860061DD71 /* PBXContainerItemProxy */ = {
			isa = PBXContainerItemProxy;
			containerPortal = 4028D468210C1B810061DD71 /* Project object */;
			proxyType = 1;
			remoteGlobalIDString = 4028D46F210C1B810061DD71;
			remoteInfo = Searcher;
		};
/* End PBXContainerItemProxy section */

/* Begin PBXFileReference section */
		4028D470210C1B810061DD71 /* Searcher.app */ = {isa = PBXFileReference; explicitFileType = wrapper.application; includeInIndex = 0; path = Searcher.app; sourceTree = BUILT_PRODUCTS_DIR; };
		4028D473210C1B810061DD71 /* AppDelegate.swift */ = {isa = PBXFileReference; lastKnownFileType = sourcecode.swift; path = AppDelegate.swift; sourceTree = "<group>"; };
		4028D47A210C1B860061DD71 /* Assets.xcassets */ = {isa = PBXFileReference; lastKnownFileType = folder.assetcatalog; path = Assets.xcassets; sourceTree = "<group>"; };
		4028D47D210C1B860061DD71 /* Base */ = {isa = PBXFileReference; lastKnownFileType = file.storyboard; name = Base; path = Base.lproj/LaunchScreen.storyboard; sourceTree = "<group>"; };
		4028D47F210C1B860061DD71 /* Info.plist */ = {isa = PBXFileReference; lastKnownFileType = text.plist.xml; path = Info.plist; sourceTree = "<group>"; };
		4028D484210C1B860061DD71 /* SearcherTests.xctest */ = {isa = PBXFileReference; explicitFileType = wrapper.cfbundle; includeInIndex = 0; path = SearcherTests.xctest; sourceTree = BUILT_PRODUCTS_DIR; };
		4028D488210C1B860061DD71 /* SearcherTests.swift */ = {isa = PBXFileReference; lastKnownFileType = sourcecode.swift; path = SearcherTests.swift; sourceTree = "<group>"; };
		4028D48A210C1B860061DD71 /* Info.plist */ = {isa = PBXFileReference; lastKnownFileType = text.plist.xml; path = Info.plist; sourceTree = "<group>"; };
		4028D494211149B40061DD71 /* HomeViewController.swift */ = {isa = PBXFileReference; lastKnownFileType = sourcecode.swift; path = HomeViewController.swift; sourceTree = "<group>"; };
		4028D496211152EE0061DD71 /* HomePresenter.swift */ = {isa = PBXFileReference; lastKnownFileType = sourcecode.swift; path = HomePresenter.swift; sourceTree = "<group>"; };
		4028D498211153190061DD71 /* HomeInterector.swift */ = {isa = PBXFileReference; lastKnownFileType = sourcecode.swift; path = HomeInterector.swift; sourceTree = "<group>"; };
		4028D49A2111534A0061DD71 /* HomeEntity.swift */ = {isa = PBXFileReference; lastKnownFileType = sourcecode.swift; path = HomeEntity.swift; sourceTree = "<group>"; };
		4028D49C2111535C0061DD71 /* HomeRouter.swift */ = {isa = PBXFileReference; lastKnownFileType = sourcecode.swift; path = HomeRouter.swift; sourceTree = "<group>"; };
		4028D49E2111536A0061DD71 /* HomeProtocol.swift */ = {isa = PBXFileReference; lastKnownFileType = sourcecode.swift; path = HomeProtocol.swift; sourceTree = "<group>"; };
		4028D4A321116EF40061DD71 /* BaseAPI.swift */ = {isa = PBXFileReference; lastKnownFileType = sourcecode.swift; path = BaseAPI.swift; sourceTree = "<group>"; };
		4034CF592119296100D4736B /* UIViewController+Extension.swift */ = {isa = PBXFileReference; lastKnownFileType = sourcecode.swift; path = "UIViewController+Extension.swift"; sourceTree = "<group>"; };
		4034CF5B21192AF500D4736B /* ValidateManager.swift */ = {isa = PBXFileReference; lastKnownFileType = sourcecode.swift; path = ValidateManager.swift; sourceTree = "<group>"; };
		4034CF5D2119378300D4736B /* Request.swift */ = {isa = PBXFileReference; lastKnownFileType = sourcecode.swift; path = Request.swift; sourceTree = "<group>"; };
		4034CF5F211BF37200D4736B /* Main.storyboard */ = {isa = PBXFileReference; lastKnownFileType = file.storyboard; path = Main.storyboard; sourceTree = "<group>"; };
		4034CF64211BFFB100D4736B /* DetailViewController.swift */ = {isa = PBXFileReference; lastKnownFileType = sourcecode.swift; path = DetailViewController.swift; sourceTree = "<group>"; };
		4044CE1A212BB447009445F0 /* DetailPresenter.swift */ = {isa = PBXFileReference; lastKnownFileType = sourcecode.swift; path = DetailPresenter.swift; sourceTree = "<group>"; };
		4044CE1C212BB464009445F0 /* DetailInterector.swift */ = {isa = PBXFileReference; lastKnownFileType = sourcecode.swift; path = DetailInterector.swift; sourceTree = "<group>"; };
		4044CE21212D0D58009445F0 /* FavoriteViewController.swift */ = {isa = PBXFileReference; lastKnownFileType = sourcecode.swift; path = FavoriteViewController.swift; sourceTree = "<group>"; };
		4044CE24212D0E23009445F0 /* FavoriteViewCell.swift */ = {isa = PBXFileReference; lastKnownFileType = sourcecode.swift; path = FavoriteViewCell.swift; sourceTree = "<group>"; };
		4044CE26212D0EF3009445F0 /* FavoritePresenter.swift */ = {isa = PBXFileReference; lastKnownFileType = sourcecode.swift; path = FavoritePresenter.swift; sourceTree = "<group>"; };
		4044CE28212D0F09009445F0 /* FavoriteRouter.swift */ = {isa = PBXFileReference; lastKnownFileType = sourcecode.swift; path = FavoriteRouter.swift; sourceTree = "<group>"; };
		4044CE2A212D0F1E009445F0 /* FavoriteInterector.swift */ = {isa = PBXFileReference; lastKnownFileType = sourcecode.swift; path = FavoriteInterector.swift; sourceTree = "<group>"; };
		4044CE2C212D0F30009445F0 /* FavoriteProtocol.swift */ = {isa = PBXFileReference; lastKnownFileType = sourcecode.swift; path = FavoriteProtocol.swift; sourceTree = "<group>"; };
		4044CE2F212E473C009445F0 /* Favorite.xcdatamodel */ = {isa = PBXFileReference; lastKnownFileType = wrapper.xcdatamodel; path = Favorite.xcdatamodel; sourceTree = "<group>"; };
		4044CE31212E481B009445F0 /* LocalDatabase.swift */ = {isa = PBXFileReference; lastKnownFileType = sourcecode.swift; path = LocalDatabase.swift; sourceTree = "<group>"; };
		4044CE33212E482F009445F0 /* FavoriteManager.swift */ = {isa = PBXFileReference; lastKnownFileType = sourcecode.swift; path = FavoriteManager.swift; sourceTree = "<group>"; };
		4067F33D2121303800A91437 /* String+Extension.swift */ = {isa = PBXFileReference; lastKnownFileType = sourcecode.swift; path = "String+Extension.swift"; sourceTree = "<group>"; };
		4067F33F2121313200A91437 /* Searcher-Bridging-Header.h */ = {isa = PBXFileReference; lastKnownFileType = sourcecode.c.h; path = "Searcher-Bridging-Header.h"; sourceTree = "<group>"; };
		4067F341212286F500A91437 /* HomeCell.swift */ = {isa = PBXFileReference; lastKnownFileType = sourcecode.swift; path = HomeCell.swift; sourceTree = "<group>"; };
		4067F343212291AF00A91437 /* Home.storyboard */ = {isa = PBXFileReference; lastKnownFileType = file.storyboard; path = Home.storyboard; sourceTree = "<group>"; };
		4067F345212291E900A91437 /* Detail.storyboard */ = {isa = PBXFileReference; lastKnownFileType = file.storyboard; path = Detail.storyboard; sourceTree = "<group>"; };
		4067F3482122921900A91437 /* Favorite.storyboard */ = {isa = PBXFileReference; lastKnownFileType = file.storyboard; path = Favorite.storyboard; sourceTree = "<group>"; };
		4067F34F212521EB00A91437 /* Array+Extension.swift */ = {isa = PBXFileReference; lastKnownFileType = sourcecode.swift; path = "Array+Extension.swift"; sourceTree = "<group>"; };
		4067F351212530DB00A91437 /* DetailRouter.swift */ = {isa = PBXFileReference; lastKnownFileType = sourcecode.swift; path = DetailRouter.swift; sourceTree = "<group>"; };
		4067F3532125311D00A91437 /* DetailProtocol.swift */ = {isa = PBXFileReference; lastKnownFileType = sourcecode.swift; path = DetailProtocol.swift; sourceTree = "<group>"; };
		40F8ABA5212A508000AB58CA /* Manager.swift */ = {isa = PBXFileReference; lastKnownFileType = sourcecode.swift; path = Manager.swift; sourceTree = "<group>"; };
/* End PBXFileReference section */

/* Begin PBXFrameworksBuildPhase section */
		4028D46D210C1B810061DD71 /* Frameworks */ = {
			isa = PBXFrameworksBuildPhase;
			buildActionMask = 2147483647;
			files = (
			);
			runOnlyForDeploymentPostprocessing = 0;
		};
		4028D481210C1B860061DD71 /* Frameworks */ = {
			isa = PBXFrameworksBuildPhase;
			buildActionMask = 2147483647;
			files = (
			);
			runOnlyForDeploymentPostprocessing = 0;
		};
/* End PBXFrameworksBuildPhase section */

/* Begin PBXGroup section */
		4028D467210C1B810061DD71 = {
			isa = PBXGroup;
			children = (
				4028D472210C1B810061DD71 /* Searcher */,
				4028D487210C1B860061DD71 /* SearcherTests */,
				4028D471210C1B810061DD71 /* Products */,
			);
			sourceTree = "<group>";
		};
		4028D471210C1B810061DD71 /* Products */ = {
			isa = PBXGroup;
			children = (
				4028D470210C1B810061DD71 /* Searcher.app */,
				4028D484210C1B860061DD71 /* SearcherTests.xctest */,
			);
			name = Products;
			sourceTree = "<group>";
		};
		4028D472210C1B810061DD71 /* Searcher */ = {
			isa = PBXGroup;
			children = (
				4067F33F2121313200A91437 /* Searcher-Bridging-Header.h */,
				4034CF61211BFF5900D4736B /* AppDelegate */,
				4034CF582119293C00D4736B /* Utils */,
				4034CF62211BFF7800D4736B /* Modules */,
				4067F34A21250D4D00A91437 /* Entities */,
				4067F34E21251ECE00A91437 /* Resources */,
				4028D47F210C1B860061DD71 /* Info.plist */,
			);
			path = Searcher;
			sourceTree = "<group>";
		};
		4028D487210C1B860061DD71 /* SearcherTests */ = {
			isa = PBXGroup;
			children = (
				4028D488210C1B860061DD71 /* SearcherTests.swift */,
				4028D48A210C1B860061DD71 /* Info.plist */,
			);
			path = SearcherTests;
			sourceTree = "<group>";
		};
		4028D493211149830061DD71 /* Home */ = {
			isa = PBXGroup;
			children = (
				4067F343212291AF00A91437 /* Home.storyboard */,
				4028D494211149B40061DD71 /* HomeViewController.swift */,
				4028D496211152EE0061DD71 /* HomePresenter.swift */,
				4028D49C2111535C0061DD71 /* HomeRouter.swift */,
				4028D498211153190061DD71 /* HomeInterector.swift */,
				4028D49E2111536A0061DD71 /* HomeProtocol.swift */,
				4067F340212286B600A91437 /* Components */,
			);
			path = Home;
			sourceTree = "<group>";
		};
		4028D4A221116ED10061DD71 /* API */ = {
			isa = PBXGroup;
			children = (
				4028D4A321116EF40061DD71 /* BaseAPI.swift */,
				4034CF5D2119378300D4736B /* Request.swift */,
				40F8ABA5212A508000AB58CA /* Manager.swift */,
			);
			path = API;
			sourceTree = "<group>";
		};
		4034CF582119293C00D4736B /* Utils */ = {
			isa = PBXGroup;
			children = (
				4067F34C21250DD300A91437 /* DataManager */,
				4067F34B21250DC500A91437 /* ValidateManager */,
				4067F33C2121300D00A91437 /* Extensions */,
			);
			path = Utils;
			sourceTree = "<group>";
		};
		4034CF61211BFF5900D4736B /* AppDelegate */ = {
			isa = PBXGroup;
			children = (
				4028D473210C1B810061DD71 /* AppDelegate.swift */,
			);
			path = AppDelegate;
			sourceTree = "<group>";
		};
		4034CF62211BFF7800D4736B /* Modules */ = {
			isa = PBXGroup;
			children = (
				4028D493211149830061DD71 /* Home */,
				4067F347212291FE00A91437 /* Favorite */,
				4034CF63211BFF8700D4736B /* Detail */,
			);
			path = Modules;
			sourceTree = "<group>";
		};
		4034CF63211BFF8700D4736B /* Detail */ = {
			isa = PBXGroup;
			children = (
				4067F345212291E900A91437 /* Detail.storyboard */,
				4034CF64211BFFB100D4736B /* DetailViewController.swift */,
				4044CE1A212BB447009445F0 /* DetailPresenter.swift */,
				4044CE1C212BB464009445F0 /* DetailInterector.swift */,
				4067F351212530DB00A91437 /* DetailRouter.swift */,
				4067F3532125311D00A91437 /* DetailProtocol.swift */,
			);
			path = Detail;
			sourceTree = "<group>";
		};
		4044CE23212D0E06009445F0 /* Components */ = {
			isa = PBXGroup;
			children = (
				4044CE24212D0E23009445F0 /* FavoriteViewCell.swift */,
			);
			path = Components;
			sourceTree = "<group>";
		};
		4067F33C2121300D00A91437 /* Extensions */ = {
			isa = PBXGroup;
			children = (
				4034CF592119296100D4736B /* UIViewController+Extension.swift */,
				4067F33D2121303800A91437 /* String+Extension.swift */,
				4067F34F212521EB00A91437 /* Array+Extension.swift */,
			);
			path = Extensions;
			sourceTree = "<group>";
		};
		4067F340212286B600A91437 /* Components */ = {
			isa = PBXGroup;
			children = (
				4067F341212286F500A91437 /* HomeCell.swift */,
			);
			path = Components;
			sourceTree = "<group>";
		};
		4067F347212291FE00A91437 /* Favorite */ = {
			isa = PBXGroup;
			children = (
				4067F3482122921900A91437 /* Favorite.storyboard */,
				4044CE21212D0D58009445F0 /* FavoriteViewController.swift */,
				4044CE26212D0EF3009445F0 /* FavoritePresenter.swift */,
				4044CE28212D0F09009445F0 /* FavoriteRouter.swift */,
				4044CE2A212D0F1E009445F0 /* FavoriteInterector.swift */,
				4044CE2C212D0F30009445F0 /* FavoriteProtocol.swift */,
				4044CE23212D0E06009445F0 /* Components */,
			);
			path = Favorite;
			sourceTree = "<group>";
		};
		4067F34A21250D4D00A91437 /* Entities */ = {
			isa = PBXGroup;
			children = (
				4028D49A2111534A0061DD71 /* HomeEntity.swift */,
			);
			path = Entities;
			sourceTree = "<group>";
		};
		4067F34B21250DC500A91437 /* ValidateManager */ = {
			isa = PBXGroup;
			children = (
				4034CF5B21192AF500D4736B /* ValidateManager.swift */,
			);
			path = ValidateManager;
			sourceTree = "<group>";
		};
		4067F34C21250DD300A91437 /* DataManager */ = {
			isa = PBXGroup;
			children = (
				4067F34D21250DED00A91437 /* Local */,
				4028D4A221116ED10061DD71 /* API */,
			);
			path = DataManager;
			sourceTree = "<group>";
		};
		4067F34D21250DED00A91437 /* Local */ = {
			isa = PBXGroup;
			children = (
				4044CE2E212E473C009445F0 /* Favorite.xcdatamodeld */,
				4044CE31212E481B009445F0 /* LocalDatabase.swift */,
				4044CE33212E482F009445F0 /* FavoriteManager.swift */,
			);
			path = Local;
			sourceTree = "<group>";
		};
		4067F34E21251ECE00A91437 /* Resources */ = {
			isa = PBXGroup;
			children = (
				4028D47A210C1B860061DD71 /* Assets.xcassets */,
				4034CF5F211BF37200D4736B /* Main.storyboard */,
				4028D47C210C1B860061DD71 /* LaunchScreen.storyboard */,
			);
			path = Resources;
			sourceTree = "<group>";
		};
/* End PBXGroup section */

/* Begin PBXNativeTarget section */
		4028D46F210C1B810061DD71 /* Searcher */ = {
			isa = PBXNativeTarget;
			buildConfigurationList = 4028D48D210C1B860061DD71 /* Build configuration list for PBXNativeTarget "Searcher" */;
			buildPhases = (
				4028D46C210C1B810061DD71 /* Sources */,
				4028D46D210C1B810061DD71 /* Frameworks */,
				4028D46E210C1B810061DD71 /* Resources */,
			);
			buildRules = (
			);
			dependencies = (
			);
			name = Searcher;
			productName = Searcher;
			productReference = 4028D470210C1B810061DD71 /* Searcher.app */;
			productType = "com.apple.product-type.application";
		};
		4028D483210C1B860061DD71 /* SearcherTests */ = {
			isa = PBXNativeTarget;
			buildConfigurationList = 4028D490210C1B860061DD71 /* Build configuration list for PBXNativeTarget "SearcherTests" */;
			buildPhases = (
				4028D480210C1B860061DD71 /* Sources */,
				4028D481210C1B860061DD71 /* Frameworks */,
				4028D482210C1B860061DD71 /* Resources */,
			);
			buildRules = (
			);
			dependencies = (
				4028D486210C1B860061DD71 /* PBXTargetDependency */,
			);
			name = SearcherTests;
			productName = SearcherTests;
			productReference = 4028D484210C1B860061DD71 /* SearcherTests.xctest */;
			productType = "com.apple.product-type.bundle.unit-test";
		};
/* End PBXNativeTarget section */

/* Begin PBXProject section */
		4028D468210C1B810061DD71 /* Project object */ = {
			isa = PBXProject;
			attributes = {
				LastSwiftUpdateCheck = 0940;
				LastUpgradeCheck = 0940;
				ORGANIZATIONNAME = "Everson Trindade";
				TargetAttributes = {
					4028D46F210C1B810061DD71 = {
						CreatedOnToolsVersion = 9.4.1;
					};
					4028D483210C1B860061DD71 = {
						CreatedOnToolsVersion = 9.4.1;
						TestTargetID = 4028D46F210C1B810061DD71;
					};
				};
			};
			buildConfigurationList = 4028D46B210C1B810061DD71 /* Build configuration list for PBXProject "Searcher" */;
			compatibilityVersion = "Xcode 9.3";
			developmentRegion = en;
			hasScannedForEncodings = 0;
			knownRegions = (
				en,
				Base,
			);
			mainGroup = 4028D467210C1B810061DD71;
			productRefGroup = 4028D471210C1B810061DD71 /* Products */;
			projectDirPath = "";
			projectRoot = "";
			targets = (
				4028D46F210C1B810061DD71 /* Searcher */,
				4028D483210C1B860061DD71 /* SearcherTests */,
			);
		};
/* End PBXProject section */

/* Begin PBXResourcesBuildPhase section */
		4028D46E210C1B810061DD71 /* Resources */ = {
			isa = PBXResourcesBuildPhase;
			buildActionMask = 2147483647;
			files = (
				4034CF60211BF37200D4736B /* Main.storyboard in Resources */,
				4028D47E210C1B860061DD71 /* LaunchScreen.storyboard in Resources */,
				4067F3492122921900A91437 /* Favorite.storyboard in Resources */,
				4028D47B210C1B860061DD71 /* Assets.xcassets in Resources */,
				4067F346212291E900A91437 /* Detail.storyboard in Resources */,
				4067F344212291AF00A91437 /* Home.storyboard in Resources */,
			);
			runOnlyForDeploymentPostprocessing = 0;
		};
		4028D482210C1B860061DD71 /* Resources */ = {
			isa = PBXResourcesBuildPhase;
			buildActionMask = 2147483647;
			files = (
			);
			runOnlyForDeploymentPostprocessing = 0;
		};
/* End PBXResourcesBuildPhase section */

/* Begin PBXSourcesBuildPhase section */
		4028D46C210C1B810061DD71 /* Sources */ = {
			isa = PBXSourcesBuildPhase;
			buildActionMask = 2147483647;
			files = (
				4034CF5A2119296100D4736B /* UIViewController+Extension.swift in Sources */,
				4044CE30212E473C009445F0 /* Favorite.xcdatamodeld in Sources */,
				4044CE32212E481B009445F0 /* LocalDatabase.swift in Sources */,
				4067F3542125311D00A91437 /* DetailProtocol.swift in Sources */,
				4067F352212530DB00A91437 /* DetailRouter.swift in Sources */,
				4034CF65211BFFB100D4736B /* DetailViewController.swift in Sources */,
				4028D49F2111536A0061DD71 /* HomeProtocol.swift in Sources */,
				4028D497211152EE0061DD71 /* HomePresenter.swift in Sources */,
				4044CE34212E482F009445F0 /* FavoriteManager.swift in Sources */,
				4028D49D2111535C0061DD71 /* HomeRouter.swift in Sources */,
				40F8ABA6212A508000AB58CA /* Manager.swift in Sources */,
				4044CE2B212D0F1E009445F0 /* FavoriteInterector.swift in Sources */,
				4044CE2D212D0F30009445F0 /* FavoriteProtocol.swift in Sources */,
				4044CE29212D0F09009445F0 /* FavoriteRouter.swift in Sources */,
				4044CE25212D0E23009445F0 /* FavoriteViewCell.swift in Sources */,
				4034CF5E2119378300D4736B /* Request.swift in Sources */,
				4067F350212521EB00A91437 /* Array+Extension.swift in Sources */,
				4044CE22212D0D58009445F0 /* FavoriteViewController.swift in Sources */,
				4044CE1B212BB447009445F0 /* DetailPresenter.swift in Sources */,
				4067F33E2121303800A91437 /* String+Extension.swift in Sources */,
				4028D474210C1B810061DD71 /* AppDelegate.swift in Sources */,
				4067F342212286F500A91437 /* HomeCell.swift in Sources */,
				4034CF5C21192AF500D4736B /* ValidateManager.swift in Sources */,
				4028D495211149B40061DD71 /* HomeViewController.swift in Sources */,
				4028D4A421116EF40061DD71 /* BaseAPI.swift in Sources */,
				4028D49B2111534A0061DD71 /* HomeEntity.swift in Sources */,
				4028D499211153190061DD71 /* HomeInterector.swift in Sources */,
				4044CE1D212BB464009445F0 /* DetailInterector.swift in Sources */,
				4044CE27212D0EF3009445F0 /* FavoritePresenter.swift in Sources */,
			);
			runOnlyForDeploymentPostprocessing = 0;
		};
		4028D480210C1B860061DD71 /* Sources */ = {
			isa = PBXSourcesBuildPhase;
			buildActionMask = 2147483647;
			files = (
				4028D489210C1B860061DD71 /* SearcherTests.swift in Sources */,
			);
			runOnlyForDeploymentPostprocessing = 0;
		};
/* End PBXSourcesBuildPhase section */

/* Begin PBXTargetDependency section */
		4028D486210C1B860061DD71 /* PBXTargetDependency */ = {
			isa = PBXTargetDependency;
			target = 4028D46F210C1B810061DD71 /* Searcher */;
			targetProxy = 4028D485210C1B860061DD71 /* PBXContainerItemProxy */;
		};
/* End PBXTargetDependency section */

/* Begin PBXVariantGroup section */
		4028D47C210C1B860061DD71 /* LaunchScreen.storyboard */ = {
			isa = PBXVariantGroup;
			children = (
				4028D47D210C1B860061DD71 /* Base */,
			);
			name = LaunchScreen.storyboard;
			sourceTree = "<group>";
		};
/* End PBXVariantGroup section */

/* Begin XCBuildConfiguration section */
		4028D48B210C1B860061DD71 /* Debug */ = {
			isa = XCBuildConfiguration;
			buildSettings = {
				ALWAYS_SEARCH_USER_PATHS = NO;
				CLANG_ANALYZER_NONNULL = YES;
				CLANG_ANALYZER_NUMBER_OBJECT_CONVERSION = YES_AGGRESSIVE;
				CLANG_CXX_LANGUAGE_STANDARD = "gnu++14";
				CLANG_CXX_LIBRARY = "libc++";
				CLANG_ENABLE_MODULES = YES;
				CLANG_ENABLE_OBJC_ARC = YES;
				CLANG_ENABLE_OBJC_WEAK = YES;
				CLANG_WARN_BLOCK_CAPTURE_AUTORELEASING = YES;
				CLANG_WARN_BOOL_CONVERSION = YES;
				CLANG_WARN_COMMA = YES;
				CLANG_WARN_CONSTANT_CONVERSION = YES;
				CLANG_WARN_DEPRECATED_OBJC_IMPLEMENTATIONS = YES;
				CLANG_WARN_DIRECT_OBJC_ISA_USAGE = YES_ERROR;
				CLANG_WARN_DOCUMENTATION_COMMENTS = YES;
				CLANG_WARN_EMPTY_BODY = YES;
				CLANG_WARN_ENUM_CONVERSION = YES;
				CLANG_WARN_INFINITE_RECURSION = YES;
				CLANG_WARN_INT_CONVERSION = YES;
				CLANG_WARN_NON_LITERAL_NULL_CONVERSION = YES;
				CLANG_WARN_OBJC_IMPLICIT_RETAIN_SELF = YES;
				CLANG_WARN_OBJC_LITERAL_CONVERSION = YES;
				CLANG_WARN_OBJC_ROOT_CLASS = YES_ERROR;
				CLANG_WARN_RANGE_LOOP_ANALYSIS = YES;
				CLANG_WARN_STRICT_PROTOTYPES = YES;
				CLANG_WARN_SUSPICIOUS_MOVE = YES;
				CLANG_WARN_UNGUARDED_AVAILABILITY = YES_AGGRESSIVE;
				CLANG_WARN_UNREACHABLE_CODE = YES;
				CLANG_WARN__DUPLICATE_METHOD_MATCH = YES;
				CODE_SIGN_IDENTITY = "iPhone Developer";
				COPY_PHASE_STRIP = NO;
				DEBUG_INFORMATION_FORMAT = dwarf;
				ENABLE_STRICT_OBJC_MSGSEND = YES;
				ENABLE_TESTABILITY = YES;
				GCC_C_LANGUAGE_STANDARD = gnu11;
				GCC_DYNAMIC_NO_PIC = NO;
				GCC_NO_COMMON_BLOCKS = YES;
				GCC_OPTIMIZATION_LEVEL = 0;
				GCC_PREPROCESSOR_DEFINITIONS = (
					"DEBUG=1",
					"$(inherited)",
				);
				GCC_WARN_64_TO_32_BIT_CONVERSION = YES;
				GCC_WARN_ABOUT_RETURN_TYPE = YES_ERROR;
				GCC_WARN_UNDECLARED_SELECTOR = YES;
				GCC_WARN_UNINITIALIZED_AUTOS = YES_AGGRESSIVE;
				GCC_WARN_UNUSED_FUNCTION = YES;
				GCC_WARN_UNUSED_VARIABLE = YES;
				IPHONEOS_DEPLOYMENT_TARGET = 11.4;
				MTL_ENABLE_DEBUG_INFO = YES;
				ONLY_ACTIVE_ARCH = YES;
				SDKROOT = iphoneos;
				SWIFT_ACTIVE_COMPILATION_CONDITIONS = DEBUG;
				SWIFT_OPTIMIZATION_LEVEL = "-Onone";
			};
			name = Debug;
		};
		4028D48C210C1B860061DD71 /* Release */ = {
			isa = XCBuildConfiguration;
			buildSettings = {
				ALWAYS_SEARCH_USER_PATHS = NO;
				CLANG_ANALYZER_NONNULL = YES;
				CLANG_ANALYZER_NUMBER_OBJECT_CONVERSION = YES_AGGRESSIVE;
				CLANG_CXX_LANGUAGE_STANDARD = "gnu++14";
				CLANG_CXX_LIBRARY = "libc++";
				CLANG_ENABLE_MODULES = YES;
				CLANG_ENABLE_OBJC_ARC = YES;
				CLANG_ENABLE_OBJC_WEAK = YES;
				CLANG_WARN_BLOCK_CAPTURE_AUTORELEASING = YES;
				CLANG_WARN_BOOL_CONVERSION = YES;
				CLANG_WARN_COMMA = YES;
				CLANG_WARN_CONSTANT_CONVERSION = YES;
				CLANG_WARN_DEPRECATED_OBJC_IMPLEMENTATIONS = YES;
				CLANG_WARN_DIRECT_OBJC_ISA_USAGE = YES_ERROR;
				CLANG_WARN_DOCUMENTATION_COMMENTS = YES;
				CLANG_WARN_EMPTY_BODY = YES;
				CLANG_WARN_ENUM_CONVERSION = YES;
				CLANG_WARN_INFINITE_RECURSION = YES;
				CLANG_WARN_INT_CONVERSION = YES;
				CLANG_WARN_NON_LITERAL_NULL_CONVERSION = YES;
				CLANG_WARN_OBJC_IMPLICIT_RETAIN_SELF = YES;
				CLANG_WARN_OBJC_LITERAL_CONVERSION = YES;
				CLANG_WARN_OBJC_ROOT_CLASS = YES_ERROR;
				CLANG_WARN_RANGE_LOOP_ANALYSIS = YES;
				CLANG_WARN_STRICT_PROTOTYPES = YES;
				CLANG_WARN_SUSPICIOUS_MOVE = YES;
				CLANG_WARN_UNGUARDED_AVAILABILITY = YES_AGGRESSIVE;
				CLANG_WARN_UNREACHABLE_CODE = YES;
				CLANG_WARN__DUPLICATE_METHOD_MATCH = YES;
				CODE_SIGN_IDENTITY = "iPhone Developer";
				COPY_PHASE_STRIP = NO;
				DEBUG_INFORMATION_FORMAT = "dwarf-with-dsym";
				ENABLE_NS_ASSERTIONS = NO;
				ENABLE_STRICT_OBJC_MSGSEND = YES;
				GCC_C_LANGUAGE_STANDARD = gnu11;
				GCC_NO_COMMON_BLOCKS = YES;
				GCC_WARN_64_TO_32_BIT_CONVERSION = YES;
				GCC_WARN_ABOUT_RETURN_TYPE = YES_ERROR;
				GCC_WARN_UNDECLARED_SELECTOR = YES;
				GCC_WARN_UNINITIALIZED_AUTOS = YES_AGGRESSIVE;
				GCC_WARN_UNUSED_FUNCTION = YES;
				GCC_WARN_UNUSED_VARIABLE = YES;
				IPHONEOS_DEPLOYMENT_TARGET = 11.4;
				MTL_ENABLE_DEBUG_INFO = NO;
				SDKROOT = iphoneos;
				SWIFT_COMPILATION_MODE = wholemodule;
				SWIFT_OPTIMIZATION_LEVEL = "-O";
				VALIDATE_PRODUCT = YES;
			};
			name = Release;
		};
		4028D48E210C1B860061DD71 /* Debug */ = {
			isa = XCBuildConfiguration;
			buildSettings = {
				ASSETCATALOG_COMPILER_APPICON_NAME = AppIcon;
				CODE_SIGN_STYLE = Automatic;
				DEVELOPMENT_TEAM = WKCP7ABWCG;
				INFOPLIST_FILE = Searcher/Info.plist;
				LD_RUNPATH_SEARCH_PATHS = (
					"$(inherited)",
					"@executable_path/Frameworks",
				);
				PRODUCT_BUNDLE_IDENTIFIER = sp.code.Searcher;
				PRODUCT_NAME = "$(TARGET_NAME)";
				"SWIFT_OBJC_BRIDGING_HEADER[arch=*]" = "Searcher/Searcher-Bridging-Header.h";
				SWIFT_VERSION = 4.0;
				TARGETED_DEVICE_FAMILY = "1,2";
			};
			name = Debug;
		};
		4028D48F210C1B860061DD71 /* Release */ = {
			isa = XCBuildConfiguration;
			buildSettings = {
				ASSETCATALOG_COMPILER_APPICON_NAME = AppIcon;
				CODE_SIGN_STYLE = Automatic;
				DEVELOPMENT_TEAM = WKCP7ABWCG;
				INFOPLIST_FILE = Searcher/Info.plist;
				LD_RUNPATH_SEARCH_PATHS = (
					"$(inherited)",
					"@executable_path/Frameworks",
				);
				PRODUCT_BUNDLE_IDENTIFIER = sp.code.Searcher;
				PRODUCT_NAME = "$(TARGET_NAME)";
				"SWIFT_OBJC_BRIDGING_HEADER[arch=*]" = "Searcher/Searcher-Bridging-Header.h";
				SWIFT_VERSION = 4.0;
				TARGETED_DEVICE_FAMILY = "1,2";
			};
			name = Release;
		};
		4028D491210C1B860061DD71 /* Debug */ = {
			isa = XCBuildConfiguration;
			buildSettings = {
				ALWAYS_EMBED_SWIFT_STANDARD_LIBRARIES = YES;
				BUNDLE_LOADER = "$(TEST_HOST)";
				CODE_SIGN_STYLE = Automatic;
				INFOPLIST_FILE = SearcherTests/Info.plist;
				LD_RUNPATH_SEARCH_PATHS = (
					"$(inherited)",
					"@executable_path/Frameworks",
					"@loader_path/Frameworks",
				);
				PRODUCT_BUNDLE_IDENTIFIER = sp.code.SearcherTests;
				PRODUCT_NAME = "$(TARGET_NAME)";
				SWIFT_VERSION = 4.0;
				TARGETED_DEVICE_FAMILY = "1,2";
				TEST_HOST = "$(BUILT_PRODUCTS_DIR)/Searcher.app/Searcher";
			};
			name = Debug;
		};
		4028D492210C1B860061DD71 /* Release */ = {
			isa = XCBuildConfiguration;
			buildSettings = {
				ALWAYS_EMBED_SWIFT_STANDARD_LIBRARIES = YES;
				BUNDLE_LOADER = "$(TEST_HOST)";
				CODE_SIGN_STYLE = Automatic;
				INFOPLIST_FILE = SearcherTests/Info.plist;
				LD_RUNPATH_SEARCH_PATHS = (
					"$(inherited)",
					"@executable_path/Frameworks",
					"@loader_path/Frameworks",
				);
				PRODUCT_BUNDLE_IDENTIFIER = sp.code.SearcherTests;
				PRODUCT_NAME = "$(TARGET_NAME)";
				SWIFT_VERSION = 4.0;
				TARGETED_DEVICE_FAMILY = "1,2";
				TEST_HOST = "$(BUILT_PRODUCTS_DIR)/Searcher.app/Searcher";
			};
			name = Release;
		};
/* End XCBuildConfiguration section */

/* Begin XCConfigurationList section */
		4028D46B210C1B810061DD71 /* Build configuration list for PBXProject "Searcher" */ = {
			isa = XCConfigurationList;
			buildConfigurations = (
				4028D48B210C1B860061DD71 /* Debug */,
				4028D48C210C1B860061DD71 /* Release */,
			);
			defaultConfigurationIsVisible = 0;
			defaultConfigurationName = Release;
		};
		4028D48D210C1B860061DD71 /* Build configuration list for PBXNativeTarget "Searcher" */ = {
			isa = XCConfigurationList;
			buildConfigurations = (
				4028D48E210C1B860061DD71 /* Debug */,
				4028D48F210C1B860061DD71 /* Release */,
			);
			defaultConfigurationIsVisible = 0;
			defaultConfigurationName = Release;
		};
		4028D490210C1B860061DD71 /* Build configuration list for PBXNativeTarget "SearcherTests" */ = {
			isa = XCConfigurationList;
			buildConfigurations = (
				4028D491210C1B860061DD71 /* Debug */,
				4028D492210C1B860061DD71 /* Release */,
			);
			defaultConfigurationIsVisible = 0;
			defaultConfigurationName = Release;
		};
/* End XCConfigurationList section */

/* Begin XCVersionGroup section */
		4044CE2E212E473C009445F0 /* Favorite.xcdatamodeld */ = {
			isa = XCVersionGroup;
			children = (
				4044CE2F212E473C009445F0 /* Favorite.xcdatamodel */,
			);
			currentVersion = 4044CE2F212E473C009445F0 /* Favorite.xcdatamodel */;
			path = Favorite.xcdatamodeld;
			sourceTree = "<group>";
			versionGroupType = wrapper.xcdatamodel;
		};
/* End XCVersionGroup section */
	};
	rootObject = 4028D468210C1B810061DD71 /* Project object */;
}
